
Microsoft Visual Studio Solution File, Format Version 12.00
# Visual Studio 14
VisualStudioVersion = 14.0.25420.1
MinimumVisualStudioVersion = 10.0.40219.1
Project("{FAE04EC0-301F-11D3-BF4B-00C04F79EFBC}") = "Laba22_1", "Laba22_1\Laba22_1.csproj", "{E641997A-E09D-479E-A218-52C0839E58E4}"
EndProject
Global
	GlobalSection(SolutionConfigurationPlatforms) = preSolution
		Debug|Any CPU = Debug|Any CPU
		Release|Any CPU = Release|Any CPU
	EndGlobalSection
	GlobalSection(ProjectConfigurationPlatforms) = postSolution
		{E641997A-E09D-479E-A218-52C0839E58E4}.Debug|Any CPU.ActiveCfg = Debug|Any CPU
		{E641997A-E09D-479E-A218-52C0839E58E4}.Debug|Any CPU.Build.0 = Debug|Any CPU
		{E641997A-E09D-479E-A218-52C0839E58E4}.Release|Any CPU.ActiveCfg = Release|Any CPU
		{E641997A-E09D-479E-A218-52C0839E58E4}.Release|Any CPU.Build.0 = Release|Any CPU
	EndGlobalSection
	GlobalSection(SolutionProperties) = preSolution
		HideSolutionNode = FALSE
	EndGlobalSection
EndGlobal
